
Microsoft Visual Studio Solution File, Format Version 12.00
Project("{FAE04EC0-301F-11D3-BF4B-00C04F79EFBC}") = "BenchmarkDotNetSample", "BenchmarkDotNetSample\BenchmarkDotNetSample.csproj", "{DB3F7727-A20C-43E3-847E-742F73EEA222}"
EndProject
Global
	GlobalSection(SolutionConfigurationPlatforms) = preSolution
		Debug|Any CPU = Debug|Any CPU
		Release|Any CPU = Release|Any CPU
	EndGlobalSection
	GlobalSection(ProjectConfigurationPlatforms) = postSolution
		{DB3F7727-A20C-43E3-847E-742F73EEA222}.Debug|Any CPU.ActiveCfg = Debug|Any CPU
		{DB3F7727-A20C-43E3-847E-742F73EEA222}.Debug|Any CPU.Build.0 = Debug|Any CPU
		{DB3F7727-A20C-43E3-847E-742F73EEA222}.Release|Any CPU.ActiveCfg = Release|Any CPU
		{DB3F7727-A20C-43E3-847E-742F73EEA222}.Release|Any CPU.Build.0 = Release|Any CPU
	EndGlobalSection
EndGlobal
